{
  "version": 4,
  "terraform_version": "1.2.8",
  "serial": 9,
  "lineage": "9ff56937-bbc4-b495-5e0b-aa865cba7d57",
  "outputs": {},
  "resources": [
    {
      "mode": "managed",
      "type": "google_compute_network",
      "name": "vpc_network",
      "provider": "provider[\"registry.terraform.io/hashicorp/google\"]",
      "instances": [
        {
          "schema_version": 0,
          "attributes": {
            "auto_create_subnetworks": true,
            "delete_default_routes_on_create": false,
            "description": "",
            "enable_ula_internal_ipv6": false,
            "gateway_ipv4": "",
            "id": "projects/deft-epoch-361312/global/networks/project-network",
            "internal_ipv6_range": "",
            "mtu": 0,
            "name": "project-network",
            "project": "deft-epoch-361312",
            "routing_mode": "REGIONAL",
            "self_link": "https://www.googleapis.com/compute/v1/projects/deft-epoch-361312/global/networks/project-network",
            "timeouts": null
          },
          "sensitive_attributes": [],
          "private": "eyJlMmJmYjczMC1lY2FhLTExZTYtOGY4OC0zNDM2M2JjN2M0YzAiOnsiY3JlYXRlIjoxMjAwMDAwMDAwMDAwLCJkZWxldGUiOjEyMDAwMDAwMDAwMDAsInVwZGF0ZSI6MTIwMDAwMDAwMDAwMH19"
        }
      ]
    },
    {
      "mode": "managed",
      "type": "google_container_cluster",
      "name": "bootcampodev",
      "provider": "provider[\"registry.terraform.io/hashicorp/google\"]",
      "instances": [
        {
          "schema_version": 1,
          "attributes": {
            "addons_config": [
              {
                "cloudrun_config": [],
                "dns_cache_config": [],
                "gce_persistent_disk_csi_driver_config": [
                  {
                    "enabled": true
                  }
                ],
                "gcp_filestore_csi_driver_config": [],
                "horizontal_pod_autoscaling": [],
                "http_load_balancing": [],
                "network_policy_config": [
                  {
                    "disabled": true
                  }
                ]
              }
            ],
            "authenticator_groups_config": [],
            "binary_authorization": [
              {
                "enabled": false,
                "evaluation_mode": ""
              }
            ],
            "cluster_autoscaling": [
              {
                "auto_provisioning_defaults": [],
                "enabled": false,
                "resource_limits": []
              }
            ],
            "cluster_ipv4_cidr": "10.0.0.0/14",
            "confidential_nodes": [],
            "database_encryption": [
              {
                "key_name": "",
                "state": "DECRYPTED"
              }
            ],
            "datapath_provider": "",
            "default_max_pods_per_node": null,
            "default_snat_status": [
              {
                "disabled": false
              }
            ],
            "description": "",
            "dns_config": [],
            "enable_autopilot": false,
            "enable_binary_authorization": false,
            "enable_intranode_visibility": false,
            "enable_kubernetes_alpha": false,
            "enable_legacy_abac": false,
            "enable_shielded_nodes": true,
            "enable_tpu": false,
            "endpoint": "34.89.142.239",
            "id": "projects/deft-epoch-361312/locations/europe-west3-a/clusters/project-gke",
            "initial_node_count": 1,
            "ip_allocation_policy": [],
            "label_fingerprint": "a9dc16a7",
            "location": "europe-west3-a",
            "logging_config": [
              {
                "enable_components": [
                  "SYSTEM_COMPONENTS",
                  "WORKLOADS"
                ]
              }
            ],
            "logging_service": "logging.googleapis.com/kubernetes",
            "maintenance_policy": [],
            "master_auth": [
              {
                "client_certificate": "",
                "client_certificate_config": [
                  {
                    "issue_client_certificate": false
                  }
                ],
                "client_key": "",
                "cluster_ca_certificate": "LS0tLS1CRUdJTiBDRVJUSUZJQ0FURS0tLS0tCk1JSUVMRENDQXBTZ0F3SUJBZ0lRRy8zNmNObEU2dDVXejRqSUZIY2VuekFOQmdrcWhraUc5dzBCQVFzRkFEQXYKTVMwd0t3WURWUVFERXlRd05HUXlaR1kyTnkweU0yTTFMVFEyWTJFdFlXVmxaaTAzWkRBMllURTNZbVEwTURrdwpJQmNOTWpJd09UQXpNVEF4TURBNVdoZ1BNakExTWpBNE1qWXhNVEV3TURsYU1DOHhMVEFyQmdOVkJBTVRKREEwClpESmtaalkzTFRJell6VXRORFpqWVMxaFpXVm1MVGRrTURaaE1UZGlaRFF3T1RDQ0FhSXdEUVlKS29aSWh2Y04KQVFFQkJRQURnZ0dQQURDQ0FZb0NnZ0dCQU5qOG9MeFVKNGZwMVlQTHRCS2Ywbis3L3BxSi9BS2FGL2pVSjE3QwpxSGQ5S1hYU0MxSWRxT2Q5MW0xZFNDZUR0OEEvUmMxck9UZXhWL2EwUkczR3lIKytzaC8wYWxsc29aeHd3NWcwCkFhN3M5bzJuUDhlbzZQVE1VbzFvSkdHcHIwNndnNmRuR2srWW11L0owTlVWVmw1K01lcUFNQ0l5aUNMYkFxcmsKUjFqN2VUNlVtYXFqMGhSYStlc0U4b2FxcHdmakh2YkRENzI3b0pkcktwS2xMeWNyY0pqNUlsbUZhVDNFZTJtRgpOeEEvaUtNYW9ON0VLUGJ3WDNTZDd3S3VkMUYvMFVFeFA2VHlsRm55Q0hIZjZGREFuZFVrUEFwb1RKMVBDSU5WCk1ieW5yMFFuVHpXbzhMeFVIRzUxeEFFOGxKMG9tSU03MlJJV1dyTnovRi82WVdlWjJ3RU5PMWlaamVZMnJBN1kKa0duUWVDa1crbDlQd0JXV2JLaWdmbmhiRHZ5dThBcUxubVh0bUQxKzMrME1EWjRJcmpLTlhsdWFCUVpEVjk0eQp3U0c3aDBTWFFkYkFzYllvZXhHOW02Mk5xR0pSOTlNU3RBV3Z4L0FiSGdPUEp3bUljSFdlMmM5Y0ZkVzREbTN6Cm9qUm40TmNVbzgwajQrYkVrcjFvNHZnM0Z3SURBUUFCbzBJd1FEQU9CZ05WSFE4QkFmOEVCQU1DQWdRd0R3WUQKVlIwVEFRSC9CQVV3QXdFQi96QWRCZ05WSFE0RUZnUVU4RkM3RHZBNXBxb00zOEtXMnFNY21DZTgxUTB3RFFZSgpLb1pJaHZjTkFRRUxCUUFEZ2dHQkFHK0o1N3loWTVucVVFeTNwL2NNT0pzMGMzWXVHSnluRlFVK2JlVGNuWGwxCm9aSXlSbStvVVZxTFhseFl1eE9Mck9sNDlRYlVCdEJnbkl3Umc2SndrL3IrLzc5S3B1dWxxUU1WNEhqTGkzZlQKOFVQUVp3S1VZUVBBeGU5WlRTWjRJK3AySjk5emdZY1MrcWVOUGVJa2p2TlBMSjZzSkpWQXU2eUttb1JHaGphUgpUZGxVKzc4ZDR4aVlGalg2OVp1eHlHZFF0eldYWlljQjY2blNmbmlvUEg5aktuTytqWS9vVC91WlRqaFUyVGI0CkxvNG9FNCtoemE0K09ZeFB1OGQ2NW9iYnhKWURMODJSVUIvVDJqZVZtN2VNMHZoSm0zTGEreHZqc1BhWHJFTzEKMnVjWDZ1NmNzd0RaZGFRc2JLZSswNElUTldxWnZsS1BvaTQ5NWdERzFCek1qQ1plVXJaRmx5NjlPb0FLY1JYSAp6N0VHeENUbW9wZkcvVDlNYjB6N0ZnVHdxOHJLRWFDNnM3TEE2ZEZLYnE1blVxZUdVcEltTWlJL1ZJejdPZ3o3ClJqQVJ0VUxwMk9ZVHJZSVpPcG50Z0tsYlRHZFc4bVFKRnovbjgvR1ZCdTdUUVRsWWtPL3FNYUVMOTUvb2JhSnIKSnFKODJnejZqNTZwTyt6WW5iT01LUT09Ci0tLS0tRU5EIENFUlRJRklDQVRFLS0tLS0K"
              }
            ],
            "master_authorized_networks_config": [],
            "master_version": "1.22.11-gke.400",
            "mesh_certificates": [],
            "min_master_version": null,
            "monitoring_config": [
              {
                "enable_components": [
                  "SYSTEM_COMPONENTS"
                ]
              }
            ],
            "monitoring_service": "monitoring.googleapis.com/kubernetes",
            "name": "project-gke",
            "network": "projects/deft-epoch-361312/global/networks/project-network",
            "network_policy": [
              {
                "enabled": false,
                "provider": "PROVIDER_UNSPECIFIED"
              }
            ],
            "networking_mode": "ROUTES",
            "node_config": [],
            "node_locations": [],
            "node_pool": [],
            "node_version": "1.22.11-gke.400",
            "notification_config": [
              {
                "pubsub": [
                  {
                    "enabled": false,
                    "topic": ""
                  }
                ]
              }
            ],
            "operation": null,
            "private_cluster_config": [],
            "private_ipv6_google_access": "",
            "project": "deft-epoch-361312",
            "release_channel": [
              {
                "channel": "REGULAR"
              }
            ],
            "remove_default_node_pool": true,
            "resource_labels": null,
            "resource_usage_export_config": [],
            "self_link": "https://container.googleapis.com/v1/projects/deft-epoch-361312/zones/europe-west3-a/clusters/project-gke",
            "services_ipv4_cidr": "10.3.240.0/20",
            "subnetwork": "projects/deft-epoch-361312/regions/europe-west3/subnetworks/project-network",
            "timeouts": null,
            "tpu_ipv4_cidr_block": "",
            "vertical_pod_autoscaling": [],
            "workload_identity_config": []
          },
          "sensitive_attributes": [],
          "private": "eyJlMmJmYjczMC1lY2FhLTExZTYtOGY4OC0zNDM2M2JjN2M0YzAiOnsiY3JlYXRlIjoyNDAwMDAwMDAwMDAwLCJkZWxldGUiOjI0MDAwMDAwMDAwMDAsInJlYWQiOjI0MDAwMDAwMDAwMDAsInVwZGF0ZSI6MzYwMDAwMDAwMDAwMH0sInNjaGVtYV92ZXJzaW9uIjoiMSJ9",
          "dependencies": [
            "google_compute_network.vpc_network"
          ]
        }
      ]
    },
    {
      "mode": "managed",
      "type": "google_container_node_pool",
      "name": "primary_preemptible_nodes",
      "provider": "provider[\"registry.terraform.io/hashicorp/google\"]",
      "instances": [
        {
          "schema_version": 1,
          "attributes": {
            "autoscaling": [],
            "cluster": "project-gke",
            "id": "projects/deft-epoch-361312/locations/europe-west3-a/clusters/project-gke/nodePools/project-node-pool",
            "initial_node_count": 1,
            "instance_group_urls": [
              "https://www.googleapis.com/compute/v1/projects/deft-epoch-361312/zones/europe-west3-a/instanceGroupManagers/gke-project-gke-project-node-pool-1d925835-grp"
            ],
            "location": "europe-west3-a",
            "managed_instance_group_urls": [
              "https://www.googleapis.com/compute/v1/projects/deft-epoch-361312/zones/europe-west3-a/instanceGroups/gke-project-gke-project-node-pool-1d925835-grp"
            ],
            "management": [
              {
                "auto_repair": true,
                "auto_upgrade": true
              }
            ],
            "max_pods_per_node": null,
            "name": "project-node-pool",
            "name_prefix": "",
            "node_config": [
              {
                "boot_disk_kms_key": "",
                "disk_size_gb": 100,
                "disk_type": "pd-standard",
                "gcfs_config": [],
                "guest_accelerator": [],
                "gvnic": [],
                "image_type": "COS_CONTAINERD",
                "labels": {},
                "local_ssd_count": 0,
                "machine_type": "e2-medium",
                "metadata": {
                  "disable-legacy-endpoints": "true"
                },
                "min_cpu_platform": "",
                "node_group": "",
                "oauth_scopes": [
                  "https://www.googleapis.com/auth/cloud-platform"
                ],
                "preemptible": true,
                "reservation_affinity": [],
                "service_account": "project-serviceaccount@deft-epoch-361312.iam.gserviceaccount.com",
                "shielded_instance_config": [
                  {
                    "enable_integrity_monitoring": true,
                    "enable_secure_boot": false
                  }
                ],
                "spot": false,
                "tags": null,
                "taint": [],
                "workload_metadata_config": []
              }
            ],
            "node_count": 1,
            "node_locations": [
              "europe-west3-a"
            ],
            "operation": null,
            "project": "deft-epoch-361312",
            "timeouts": null,
            "upgrade_settings": [
              {
                "max_surge": 1,
                "max_unavailable": 0
              }
            ],
            "version": "1.22.11-gke.400"
          },
          "sensitive_attributes": [],
          "private": "eyJlMmJmYjczMC1lY2FhLTExZTYtOGY4OC0zNDM2M2JjN2M0YzAiOnsiY3JlYXRlIjoxODAwMDAwMDAwMDAwLCJkZWxldGUiOjE4MDAwMDAwMDAwMDAsInVwZGF0ZSI6MTgwMDAwMDAwMDAwMH0sInNjaGVtYV92ZXJzaW9uIjoiMSJ9",
          "dependencies": [
            "google_compute_network.vpc_network",
            "google_container_cluster.bootcampodev",
            "google_service_account.nodepool"
          ]
        }
      ]
    },
    {
      "mode": "managed",
      "type": "google_service_account",
      "name": "nodepool",
      "provider": "provider[\"registry.terraform.io/hashicorp/google\"]",
      "instances": [
        {
          "schema_version": 0,
          "attributes": {
            "account_id": "project-serviceaccount",
            "description": "",
            "disabled": false,
            "display_name": "Project Service Account",
            "email": "project-serviceaccount@deft-epoch-361312.iam.gserviceaccount.com",
            "id": "projects/deft-epoch-361312/serviceAccounts/project-serviceaccount@deft-epoch-361312.iam.gserviceaccount.com",
            "name": "projects/deft-epoch-361312/serviceAccounts/project-serviceaccount@deft-epoch-361312.iam.gserviceaccount.com",
            "project": "deft-epoch-361312",
            "timeouts": null,
            "unique_id": "117082685499054303867"
          },
          "sensitive_attributes": [],
          "private": "eyJlMmJmYjczMC1lY2FhLTExZTYtOGY4OC0zNDM2M2JjN2M0YzAiOnsiY3JlYXRlIjozMDAwMDAwMDAwMDB9fQ=="
        }
      ]
    }
  ]
}
